# This file is automatically @generated by Cargo.
# It is not intended for manual editing.
version = 3

[[package]]
name = "direct-cargo-bazel-deps"
version = "0.0.1"
dependencies = [
 "once_cell",
 "stringreader",
]

[[package]]
name = "once_cell"
version = "1.18.0"
source = "registry+https://github.com/rust-lang/crates.io-index"
checksum = "dd8b5dd2ae5ed71462c540258bedcb51965123ad7e7ccf4b9a8cafaa4a63576d"

[[package]]
name = "stringreader"
version = "0.1.1"
source = "registry+https://github.com/rust-lang/crates.io-index"
checksum = "913e7b03d63752f6cdd2df77da36749d82669904798fe8944b9ec3d23f159905"
